
Microsoft Visual Studio Solution File, Format Version 12.00
# Visual Studio Version 16
VisualStudioVersion = 16.0.32602.291
MinimumVisualStudioVersion = 10.0.40219.1
Project("{FAE04EC0-301F-11D3-BF4B-00C04F79EFBC}") = "RDC", "RDC\RDC.csproj", "{BE8E567A-F995-47C7-B2E0-173CB1B60AD9}"
EndProject
Project("{54435603-DBB4-11D2-8724-00A0C9A8B90C}") = "RDC Client", "RDC Client\RDC Client.vdproj", "{30D4586A-7185-4EF3-91D3-A3762B42D9F5}"
EndProject
Global
	GlobalSection(SolutionConfigurationPlatforms) = preSolution
		Debug|Any CPU = Debug|Any CPU
		Release|Any CPU = Release|Any CPU
	EndGlobalSection
	GlobalSection(ProjectConfigurationPlatforms) = postSolution
		{BE8E567A-F995-47C7-B2E0-173CB1B60AD9}.Debug|Any CPU.ActiveCfg = Debug|Any CPU
		{BE8E567A-F995-47C7-B2E0-173CB1B60AD9}.Debug|Any CPU.Build.0 = Debug|Any CPU
		{BE8E567A-F995-47C7-B2E0-173CB1B60AD9}.Release|Any CPU.ActiveCfg = Release|Any CPU
		{BE8E567A-F995-47C7-B2E0-173CB1B60AD9}.Release|Any CPU.Build.0 = Release|Any CPU
		{30D4586A-7185-4EF3-91D3-A3762B42D9F5}.Debug|Any CPU.ActiveCfg = Debug
		{30D4586A-7185-4EF3-91D3-A3762B42D9F5}.Release|Any CPU.ActiveCfg = Release
	EndGlobalSection
	GlobalSection(SolutionProperties) = preSolution
		HideSolutionNode = FALSE
	EndGlobalSection
	GlobalSection(ExtensibilityGlobals) = postSolution
		SolutionGuid = {C0CEB67C-BB71-4326-A149-80584C5F95C6}
	EndGlobalSection
EndGlobal
